
Microsoft Visual Studio Solution File, Format Version 12.00
# Visual Studio Version 16
VisualStudioVersion = 16.0.30711.63
MinimumVisualStudioVersion = 10.0.40219.1
Project("{9A19103F-16F7-4668-BE54-9A1E7A4F7556}") = "Test", "Test\Test.csproj", "{134E8C15-B599-4557-B235-366AD28C1770}"
EndProject
Project("{9A19103F-16F7-4668-BE54-9A1E7A4F7556}") = "工厂模式", "..\工厂模式\工厂模式.csproj", "{D5C0760C-9A8B-4810-B5D5-EEA554598B05}"
EndProject
Project("{9A19103F-16F7-4668-BE54-9A1E7A4F7556}") = "单例模式", "单例模式\单例模式.csproj", "{40751112-0449-411A-870C-169FE9882A20}"
EndProject
Project("{FAE04EC0-301F-11D3-BF4B-00C04F79EFBC}") = "观察者模式", "观察者模式\观察者模式.csproj", "{3F96CE30-4E56-4CBF-9FBC-AD4F31651ED0}"
EndProject
Global
	GlobalSection(SolutionConfigurationPlatforms) = preSolution
		Debug|Any CPU = Debug|Any CPU
		Release|Any CPU = Release|Any CPU
	EndGlobalSection
	GlobalSection(ProjectConfigurationPlatforms) = postSolution
		{134E8C15-B599-4557-B235-366AD28C1770}.Debug|Any CPU.ActiveCfg = Debug|Any CPU
		{134E8C15-B599-4557-B235-366AD28C1770}.Debug|Any CPU.Build.0 = Debug|Any CPU
		{134E8C15-B599-4557-B235-366AD28C1770}.Release|Any CPU.ActiveCfg = Release|Any CPU
		{134E8C15-B599-4557-B235-366AD28C1770}.Release|Any CPU.Build.0 = Release|Any CPU
		{D5C0760C-9A8B-4810-B5D5-EEA554598B05}.Debug|Any CPU.ActiveCfg = Debug|Any CPU
		{D5C0760C-9A8B-4810-B5D5-EEA554598B05}.Debug|Any CPU.Build.0 = Debug|Any CPU
		{D5C0760C-9A8B-4810-B5D5-EEA554598B05}.Release|Any CPU.ActiveCfg = Release|Any CPU
		{D5C0760C-9A8B-4810-B5D5-EEA554598B05}.Release|Any CPU.Build.0 = Release|Any CPU
		{40751112-0449-411A-870C-169FE9882A20}.Debug|Any CPU.ActiveCfg = Debug|Any CPU
		{40751112-0449-411A-870C-169FE9882A20}.Debug|Any CPU.Build.0 = Debug|Any CPU
		{40751112-0449-411A-870C-169FE9882A20}.Release|Any CPU.ActiveCfg = Release|Any CPU
		{40751112-0449-411A-870C-169FE9882A20}.Release|Any CPU.Build.0 = Release|Any CPU
		{3F96CE30-4E56-4CBF-9FBC-AD4F31651ED0}.Debug|Any CPU.ActiveCfg = Debug|Any CPU
		{3F96CE30-4E56-4CBF-9FBC-AD4F31651ED0}.Debug|Any CPU.Build.0 = Debug|Any CPU
		{3F96CE30-4E56-4CBF-9FBC-AD4F31651ED0}.Release|Any CPU.ActiveCfg = Release|Any CPU
		{3F96CE30-4E56-4CBF-9FBC-AD4F31651ED0}.Release|Any CPU.Build.0 = Release|Any CPU
	EndGlobalSection
	GlobalSection(SolutionProperties) = preSolution
		HideSolutionNode = FALSE
	EndGlobalSection
	GlobalSection(ExtensibilityGlobals) = postSolution
		SolutionGuid = {DB13C1C5-3313-4288-BEA9-D17566209BA6}
	EndGlobalSection
EndGlobal
